
Microsoft Visual Studio Solution File, Format Version 12.00
# Visual Studio Version 17
VisualStudioVersion = 17.2.32616.157
MinimumVisualStudioVersion = 10.0.40219.1
Project("{FAE04EC0-301F-11D3-BF4B-00C04F79EFBC}") = "Valid-Address", "Valid-Address\Valid-Address.csproj", "{206525F9-2156-4E38-AD6E-083BA6564F83}"
EndProject
Global
	GlobalSection(SolutionConfigurationPlatforms) = preSolution
		Debug|Any CPU = Debug|Any CPU
		Release|Any CPU = Release|Any CPU
	EndGlobalSection
	GlobalSection(ProjectConfigurationPlatforms) = postSolution
		{206525F9-2156-4E38-AD6E-083BA6564F83}.Debug|Any CPU.ActiveCfg = Debug|Any CPU
		{206525F9-2156-4E38-AD6E-083BA6564F83}.Debug|Any CPU.Build.0 = Debug|Any CPU
		{206525F9-2156-4E38-AD6E-083BA6564F83}.Release|Any CPU.ActiveCfg = Release|Any CPU
		{206525F9-2156-4E38-AD6E-083BA6564F83}.Release|Any CPU.Build.0 = Release|Any CPU
	EndGlobalSection
	GlobalSection(SolutionProperties) = preSolution
		HideSolutionNode = FALSE
	EndGlobalSection
	GlobalSection(ExtensibilityGlobals) = postSolution
		SolutionGuid = {ED98FD2C-7AE6-4D29-8044-8234C54DD683}
	EndGlobalSection
EndGlobal
